
Microsoft Visual Studio Solution File, Format Version 12.00
# Visual Studio 14
VisualStudioVersion = 14.0.25123.0
MinimumVisualStudioVersion = 10.0.40219.1
Project("{FAE04EC0-301F-11D3-BF4B-00C04F79EFBC}") = "Lab1", "Lab1\Lab1.csproj", "{CCABFEB8-2E76-4609-9F14-09D560A46D6A}"
EndProject
Project("{FAE04EC0-301F-11D3-BF4B-00C04F79EFBC}") = "Lab2", "Lab2\Lab2.csproj", "{AF651DBD-8CA1-4387-A0F0-E4E828CE8ED2}"
EndProject
Project("{FAE04EC0-301F-11D3-BF4B-00C04F79EFBC}") = "Lab3", "Lab3\Lab3.csproj", "{D74C29A0-05D9-471F-8B52-082105E89870}"
EndProject
Project("{FAE04EC0-301F-11D3-BF4B-00C04F79EFBC}") = "Lab4", "Lab4\Lab4.csproj", "{EBB14990-C553-4D6F-AA03-BAACE2EB6AF6}"
EndProject
Global
	GlobalSection(SolutionConfigurationPlatforms) = preSolution
		Debug|Any CPU = Debug|Any CPU
		Release|Any CPU = Release|Any CPU
	EndGlobalSection
	GlobalSection(ProjectConfigurationPlatforms) = postSolution
		{CCABFEB8-2E76-4609-9F14-09D560A46D6A}.Debug|Any CPU.ActiveCfg = Debug|Any CPU
		{CCABFEB8-2E76-4609-9F14-09D560A46D6A}.Debug|Any CPU.Build.0 = Debug|Any CPU
		{CCABFEB8-2E76-4609-9F14-09D560A46D6A}.Release|Any CPU.ActiveCfg = Release|Any CPU
		{CCABFEB8-2E76-4609-9F14-09D560A46D6A}.Release|Any CPU.Build.0 = Release|Any CPU
		{AF651DBD-8CA1-4387-A0F0-E4E828CE8ED2}.Debug|Any CPU.ActiveCfg = Debug|Any CPU
		{AF651DBD-8CA1-4387-A0F0-E4E828CE8ED2}.Debug|Any CPU.Build.0 = Debug|Any CPU
		{AF651DBD-8CA1-4387-A0F0-E4E828CE8ED2}.Release|Any CPU.ActiveCfg = Release|Any CPU
		{AF651DBD-8CA1-4387-A0F0-E4E828CE8ED2}.Release|Any CPU.Build.0 = Release|Any CPU
		{D74C29A0-05D9-471F-8B52-082105E89870}.Debug|Any CPU.ActiveCfg = Debug|Any CPU
		{D74C29A0-05D9-471F-8B52-082105E89870}.Debug|Any CPU.Build.0 = Debug|Any CPU
		{D74C29A0-05D9-471F-8B52-082105E89870}.Release|Any CPU.ActiveCfg = Release|Any CPU
		{D74C29A0-05D9-471F-8B52-082105E89870}.Release|Any CPU.Build.0 = Release|Any CPU
		{EBB14990-C553-4D6F-AA03-BAACE2EB6AF6}.Debug|Any CPU.ActiveCfg = Debug|Any CPU
		{EBB14990-C553-4D6F-AA03-BAACE2EB6AF6}.Debug|Any CPU.Build.0 = Debug|Any CPU
		{EBB14990-C553-4D6F-AA03-BAACE2EB6AF6}.Release|Any CPU.ActiveCfg = Release|Any CPU
		{EBB14990-C553-4D6F-AA03-BAACE2EB6AF6}.Release|Any CPU.Build.0 = Release|Any CPU
	EndGlobalSection
	GlobalSection(SolutionProperties) = preSolution
		HideSolutionNode = FALSE
	EndGlobalSection
EndGlobal
